
Microsoft Visual Studio Solution File, Format Version 12.00
# Visual Studio Version 17
VisualStudioVersion = 17.8.34004.107
MinimumVisualStudioVersion = 10.0.40219.1
Project("{FAE04EC0-301F-11D3-BF4B-00C04F79EFBC}") = "SampleAspNetApp", "SampleAspNetApp.csproj", "{F6436E24-FC51-4B59-8A1C-D65A9035B51B}"
EndProject
Global
	GlobalSection(SolutionConfigurationPlatforms) = preSolution
		Debug|Any CPU = Debug|Any CPU
		Release|Any CPU = Release|Any CPU
	EndGlobalSection
	GlobalSection(ProjectConfigurationPlatforms) = postSolution
		{F6436E24-FC51-4B59-8A1C-D65A9035B51B}.Debug|Any CPU.ActiveCfg = Debug|Any CPU
		{F6436E24-FC51-4B59-8A1C-D65A9035B51B}.Debug|Any CPU.Build.0 = Debug|Any CPU
		{F6436E24-FC51-4B59-8A1C-D65A9035B51B}.Release|Any CPU.ActiveCfg = Release|Any CPU
		{F6436E24-FC51-4B59-8A1C-D65A9035B51B}.Release|Any CPU.Build.0 = Release|Any CPU
	EndGlobalSection
	GlobalSection(SolutionProperties) = preSolution
		HideSolutionNode = FALSE
	EndGlobalSection
	GlobalSection(ExtensibilityGlobals) = postSolution
		SolutionGuid = {4694E03F-DCE6-41A5-8146-6779E0B9BEDD}
	EndGlobalSection
EndGlobal
